
Microsoft Visual Studio Solution File, Format Version 12.00
# Visual Studio Version 16
VisualStudioVersion = 16.0.810.14
MinimumVisualStudioVersion = 10.0.40219.1
Project("{2150E333-8FDC-42A3-9474-1A3956D46DE8}") = "Services", "Services", "{E26480D9-FB88-40AC-B1B3-397DE8EB45DA}"
EndProject
Project("{2150E333-8FDC-42A3-9474-1A3956D46DE8}") = "Catalog", "Catalog", "{00AE0695-CFF4-44C4-9AE1-3486955D8C89}"
EndProject
Project("{FAE04EC0-301F-11D3-BF4B-00C04F79EFBC}") = "Catalog.API", "Services\Catalog\Catalog.API\Catalog.API.csproj", "{515A9C50-3E50-49C9-9845-383ACE43F5EF}"
EndProject
Project("{E53339B2-1760-4266-BCC7-CA923CBCF16C}") = "docker-compose", "docker-compose.dcproj", "{75D8CC12-5E86-4B30-995A-37F421E43FA3}"
EndProject
Global
	GlobalSection(SolutionConfigurationPlatforms) = preSolution
		Debug|Any CPU = Debug|Any CPU
		Release|Any CPU = Release|Any CPU
	EndGlobalSection
	GlobalSection(ProjectConfigurationPlatforms) = postSolution
		{515A9C50-3E50-49C9-9845-383ACE43F5EF}.Debug|Any CPU.ActiveCfg = Debug|Any CPU
		{515A9C50-3E50-49C9-9845-383ACE43F5EF}.Debug|Any CPU.Build.0 = Debug|Any CPU
		{515A9C50-3E50-49C9-9845-383ACE43F5EF}.Release|Any CPU.ActiveCfg = Release|Any CPU
		{515A9C50-3E50-49C9-9845-383ACE43F5EF}.Release|Any CPU.Build.0 = Release|Any CPU
		{75D8CC12-5E86-4B30-995A-37F421E43FA3}.Debug|Any CPU.ActiveCfg = Debug|Any CPU
		{75D8CC12-5E86-4B30-995A-37F421E43FA3}.Debug|Any CPU.Build.0 = Debug|Any CPU
		{75D8CC12-5E86-4B30-995A-37F421E43FA3}.Release|Any CPU.ActiveCfg = Release|Any CPU
		{75D8CC12-5E86-4B30-995A-37F421E43FA3}.Release|Any CPU.Build.0 = Release|Any CPU
	EndGlobalSection
	GlobalSection(SolutionProperties) = preSolution
		HideSolutionNode = FALSE
	EndGlobalSection
	GlobalSection(ExtensibilityGlobals) = postSolution
		SolutionGuid = {5377CC8D-C843-46BE-89AC-FFCD688808D1}
	EndGlobalSection
	GlobalSection(NestedProjects) = preSolution
		{00AE0695-CFF4-44C4-9AE1-3486955D8C89} = {E26480D9-FB88-40AC-B1B3-397DE8EB45DA}
		{515A9C50-3E50-49C9-9845-383ACE43F5EF} = {00AE0695-CFF4-44C4-9AE1-3486955D8C89}
	EndGlobalSection
EndGlobal
